
Microsoft Visual Studio Solution File, Format Version 12.00
# Visual Studio Version 17
VisualStudioVersion = 17.14.36616.10 d17.14
MinimumVisualStudioVersion = 10.0.40219.1
Project("{FAE04EC0-301F-11D3-BF4B-00C04F79EFBC}") = "helloWorld", "helloWorld\helloWorld.csproj", "{2740C823-06EC-4B1C-AEC5-0C0DB8EB6C9A}"
EndProject
Global
	GlobalSection(SolutionConfigurationPlatforms) = preSolution
		Debug|Any CPU = Debug|Any CPU
		Release|Any CPU = Release|Any CPU
	EndGlobalSection
	GlobalSection(ProjectConfigurationPlatforms) = postSolution
		{2740C823-06EC-4B1C-AEC5-0C0DB8EB6C9A}.Debug|Any CPU.ActiveCfg = Debug|Any CPU
		{2740C823-06EC-4B1C-AEC5-0C0DB8EB6C9A}.Debug|Any CPU.Build.0 = Debug|Any CPU
		{2740C823-06EC-4B1C-AEC5-0C0DB8EB6C9A}.Release|Any CPU.ActiveCfg = Release|Any CPU
		{2740C823-06EC-4B1C-AEC5-0C0DB8EB6C9A}.Release|Any CPU.Build.0 = Release|Any CPU
	EndGlobalSection
	GlobalSection(SolutionProperties) = preSolution
		HideSolutionNode = FALSE
	EndGlobalSection
	GlobalSection(ExtensibilityGlobals) = postSolution
		SolutionGuid = {8E910B80-DF0B-4717-9717-93D6201729FB}
	EndGlobalSection
EndGlobal
